
Microsoft Visual Studio Solution File, Format Version 12.00
# Visual Studio 15
VisualStudioVersion = 15.0.28307.572
MinimumVisualStudioVersion = 10.0.40219.1
Project("{9A19103F-16F7-4668-BE54-9A1E7A4F7556}") = "Runner", "Runner\Runner.csproj", "{EF38BC85-03B7-4489-8CCD-693B0879C533}"
EndProject
Global
	GlobalSection(SolutionConfigurationPlatforms) = preSolution
		Debug|Any CPU = Debug|Any CPU
		Release|Any CPU = Release|Any CPU
	EndGlobalSection
	GlobalSection(ProjectConfigurationPlatforms) = postSolution
		{EF38BC85-03B7-4489-8CCD-693B0879C533}.Debug|Any CPU.ActiveCfg = Debug|Any CPU
		{EF38BC85-03B7-4489-8CCD-693B0879C533}.Debug|Any CPU.Build.0 = Debug|Any CPU
		{EF38BC85-03B7-4489-8CCD-693B0879C533}.Release|Any CPU.ActiveCfg = Release|Any CPU
		{EF38BC85-03B7-4489-8CCD-693B0879C533}.Release|Any CPU.Build.0 = Release|Any CPU
	EndGlobalSection
	GlobalSection(SolutionProperties) = preSolution
		HideSolutionNode = FALSE
	EndGlobalSection
	GlobalSection(ExtensibilityGlobals) = postSolution
		SolutionGuid = {07509F5C-09C4-4610-880D-E35B53E49057}
	EndGlobalSection
EndGlobal
