
Microsoft Visual Studio Solution File, Format Version 12.00
# Visual Studio 15
VisualStudioVersion = 15.0.28307.572
MinimumVisualStudioVersion = 10.0.40219.1
Project("{9A19103F-16F7-4668-BE54-9A1E7A4F7556}") = "Trigger", "Trigger\Trigger.csproj", "{459A918D-F1E7-4719-829B-EF64409875EB}"
EndProject
Global
	GlobalSection(SolutionConfigurationPlatforms) = preSolution
		Debug|Any CPU = Debug|Any CPU
		Release|Any CPU = Release|Any CPU
	EndGlobalSection
	GlobalSection(ProjectConfigurationPlatforms) = postSolution
		{459A918D-F1E7-4719-829B-EF64409875EB}.Debug|Any CPU.ActiveCfg = Debug|Any CPU
		{459A918D-F1E7-4719-829B-EF64409875EB}.Debug|Any CPU.Build.0 = Debug|Any CPU
		{459A918D-F1E7-4719-829B-EF64409875EB}.Release|Any CPU.ActiveCfg = Release|Any CPU
		{459A918D-F1E7-4719-829B-EF64409875EB}.Release|Any CPU.Build.0 = Release|Any CPU
	EndGlobalSection
	GlobalSection(SolutionProperties) = preSolution
		HideSolutionNode = FALSE
	EndGlobalSection
	GlobalSection(ExtensibilityGlobals) = postSolution
		SolutionGuid = {4E876545-570A-4270-8CFB-C2957E5D18EF}
	EndGlobalSection
EndGlobal
